// !$*UTF8*$!
{
	archiveVersion = 1;
	classes = {
	};
	objectVersion = 46;
	objects = {

/* Begin PBXBuildFile section */
		04586585196B884900F9B802 /* AppDelegate.swift in Sources */ = {isa = PBXBuildFile; fileRef = 04586584196B884900F9B802 /* AppDelegate.swift */; };
		04586587196B884900F9B802 /* MasterViewController.swift in Sources */ = {isa = PBXBuildFile; fileRef = 04586586196B884900F9B802 /* MasterViewController.swift */; };
		04586589196B884900F9B802 /* DetailViewController.swift in Sources */ = {isa = PBXBuildFile; fileRef = 04586588196B884900F9B802 /* DetailViewController.swift */; };
		0458658C196B884900F9B802 /* Main.storyboard in Resources */ = {isa = PBXBuildFile; fileRef = 0458658A196B884900F9B802 /* Main.storyboard */; };
		0458658E196B884900F9B802 /* Images.xcassets in Resources */ = {isa = PBXBuildFile; fileRef = 0458658D196B884900F9B802 /* Images.xcassets */; };
		0458659A196B884A00F9B802 /* TribeTests.swift in Sources */ = {isa = PBXBuildFile; fileRef = 04586599196B884A00F9B802 /* TribeTests.swift */; };
/* End PBXBuildFile section */

/* Begin PBXContainerItemProxy section */
		04586594196B884A00F9B802 /* PBXContainerItemProxy */ = {
			isa = PBXContainerItemProxy;
			containerPortal = 04586577196B884900F9B802 /* Project object */;
			proxyType = 1;
			remoteGlobalIDString = 0458657E196B884900F9B802;
			remoteInfo = Tribe;
		};
/* End PBXContainerItemProxy section */

/* Begin PBXFileReference section */
		0458657F196B884900F9B802 /* Tribe.app */ = {isa = PBXFileReference; explicitFileType = wrapper.application; includeInIndex = 0; path = Tribe.app; sourceTree = BUILT_PRODUCTS_DIR; };
		04586583196B884900F9B802 /* Info.plist */ = {isa = PBXFileReference; lastKnownFileType = text.plist.xml; path = Info.plist; sourceTree = "<group>"; };
		04586584196B884900F9B802 /* AppDelegate.swift */ = {isa = PBXFileReference; lastKnownFileType = sourcecode.swift; path = AppDelegate.swift; sourceTree = "<group>"; };
		04586586196B884900F9B802 /* MasterViewController.swift */ = {isa = PBXFileReference; lastKnownFileType = sourcecode.swift; path = MasterViewController.swift; sourceTree = "<group>"; };
		04586588196B884900F9B802 /* DetailViewController.swift */ = {isa = PBXFileReference; lastKnownFileType = sourcecode.swift; path = DetailViewController.swift; sourceTree = "<group>"; };
		0458658B196B884900F9B802 /* Base */ = {isa = PBXFileReference; lastKnownFileType = file.storyboard; name = Base; path = Base.lproj/Main.storyboard; sourceTree = "<group>"; };
		0458658D196B884900F9B802 /* Images.xcassets */ = {isa = PBXFileReference; lastKnownFileType = folder.assetcatalog; path = Images.xcassets; sourceTree = "<group>"; };
		04586593196B884A00F9B802 /* TribeTests.xctest */ = {isa = PBXFileReference; explicitFileType = wrapper.cfbundle; includeInIndex = 0; path = TribeTests.xctest; sourceTree = BUILT_PRODUCTS_DIR; };
		04586598196B884A00F9B802 /* Info.plist */ = {isa = PBXFileReference; lastKnownFileType = text.plist.xml; path = Info.plist; sourceTree = "<group>"; };
		04586599196B884A00F9B802 /* TribeTests.swift */ = {isa = PBXFileReference; lastKnownFileType = sourcecode.swift; path = TribeTests.swift; sourceTree = "<group>"; };
/* End PBXFileReference section */

/* Begin PBXFrameworksBuildPhase section */
		0458657C196B884900F9B802 /* Frameworks */ = {
			isa = PBXFrameworksBuildPhase;
			buildActionMask = 2147483647;
			files = (
			);
			runOnlyForDeploymentPostprocessing = 0;
		};
		04586590196B884A00F9B802 /* Frameworks */ = {
			isa = PBXFrameworksBuildPhase;
			buildActionMask = 2147483647;
			files = (
			);
			runOnlyForDeploymentPostprocessing = 0;
		};
/* End PBXFrameworksBuildPhase section */

/* Begin PBXGroup section */
		04586576196B884900F9B802 = {
			isa = PBXGroup;
			children = (
				04586581196B884900F9B802 /* Tribe */,
				04586596196B884A00F9B802 /* TribeTests */,
				04586580196B884900F9B802 /* Products */,
			);
			sourceTree = "<group>";
		};
		04586580196B884900F9B802 /* Products */ = {
			isa = PBXGroup;
			children = (
				0458657F196B884900F9B802 /* Tribe.app */,
				04586593196B884A00F9B802 /* TribeTests.xctest */,
			);
			name = Products;
			sourceTree = "<group>";
		};
		04586581196B884900F9B802 /* Tribe */ = {
			isa = PBXGroup;
			children = (
				04586584196B884900F9B802 /* AppDelegate.swift */,
				04586586196B884900F9B802 /* MasterViewController.swift */,
				04586588196B884900F9B802 /* DetailViewController.swift */,
				0458658A196B884900F9B802 /* Main.storyboard */,
				0458658D196B884900F9B802 /* Images.xcassets */,
				04586582196B884900F9B802 /* Supporting Files */,
			);
			path = Tribe;
			sourceTree = "<group>";
		};
		04586582196B884900F9B802 /* Supporting Files */ = {
			isa = PBXGroup;
			children = (
				04586583196B884900F9B802 /* Info.plist */,
			);
			name = "Supporting Files";
			sourceTree = "<group>";
		};
		04586596196B884A00F9B802 /* TribeTests */ = {
			isa = PBXGroup;
			children = (
				04586599196B884A00F9B802 /* TribeTests.swift */,
				04586597196B884A00F9B802 /* Supporting Files */,
			);
			path = TribeTests;
			sourceTree = "<group>";
		};
		04586597196B884A00F9B802 /* Supporting Files */ = {
			isa = PBXGroup;
			children = (
				04586598196B884A00F9B802 /* Info.plist */,
			);
			name = "Supporting Files";
			sourceTree = "<group>";
		};
/* End PBXGroup section */

/* Begin PBXNativeTarget section */
		0458657E196B884900F9B802 /* Tribe */ = {
			isa = PBXNativeTarget;
			buildConfigurationList = 0458659D196B884A00F9B802 /* Build configuration list for PBXNativeTarget "Tribe" */;
			buildPhases = (
				0458657B196B884900F9B802 /* Sources */,
				0458657C196B884900F9B802 /* Frameworks */,
				0458657D196B884900F9B802 /* Resources */,
			);
			buildRules = (
			);
			dependencies = (
			);
			name = Tribe;
			productName = Tribe;
			productReference = 0458657F196B884900F9B802 /* Tribe.app */;
			productType = "com.apple.product-type.application";
		};
		04586592196B884A00F9B802 /* TribeTests */ = {
			isa = PBXNativeTarget;
			buildConfigurationList = 045865A0196B884A00F9B802 /* Build configuration list for PBXNativeTarget "TribeTests" */;
			buildPhases = (
				0458658F196B884A00F9B802 /* Sources */,
				04586590196B884A00F9B802 /* Frameworks */,
				04586591196B884A00F9B802 /* Resources */,
			);
			buildRules = (
			);
			dependencies = (
				04586595196B884A00F9B802 /* PBXTargetDependency */,
			);
			name = TribeTests;
			productName = TribeTests;
			productReference = 04586593196B884A00F9B802 /* TribeTests.xctest */;
			productType = "com.apple.product-type.bundle.unit-test";
		};
/* End PBXNativeTarget section */

/* Begin PBXProject section */
		04586577196B884900F9B802 /* Project object */ = {
			isa = PBXProject;
			attributes = {
				LastUpgradeCheck = 0600;
				ORGANIZATIONNAME = CCMApps;
				TargetAttributes = {
					0458657E196B884900F9B802 = {
						CreatedOnToolsVersion = 6.0;
					};
					04586592196B884A00F9B802 = {
						CreatedOnToolsVersion = 6.0;
						TestTargetID = 0458657E196B884900F9B802;
					};
				};
			};
			buildConfigurationList = 0458657A196B884900F9B802 /* Build configuration list for PBXProject "Tribe" */;
			compatibilityVersion = "Xcode 3.2";
			developmentRegion = English;
			hasScannedForEncodings = 0;
			knownRegions = (
				en,
				Base,
			);
			mainGroup = 04586576196B884900F9B802;
			productRefGroup = 04586580196B884900F9B802 /* Products */;
			projectDirPath = "";
			projectRoot = "";
			targets = (
				0458657E196B884900F9B802 /* Tribe */,
				04586592196B884A00F9B802 /* TribeTests */,
			);
		};
/* End PBXProject section */

/* Begin PBXResourcesBuildPhase section */
		0458657D196B884900F9B802 /* Resources */ = {
			isa = PBXResourcesBuildPhase;
			buildActionMask = 2147483647;
			files = (
				0458658C196B884900F9B802 /* Main.storyboard in Resources */,
				0458658E196B884900F9B802 /* Images.xcassets in Resources */,
			);
			runOnlyForDeploymentPostprocessing = 0;
		};
		04586591196B884A00F9B802 /* Resources */ = {
			isa = PBXResourcesBuildPhase;
			buildActionMask = 2147483647;
			files = (
			);
			runOnlyForDeploymentPostprocessing = 0;
		};
/* End PBXResourcesBuildPhase section */

/* Begin PBXSourcesBuildPhase section */
		0458657B196B884900F9B802 /* Sources */ = {
			isa = PBXSourcesBuildPhase;
			buildActionMask = 2147483647;
			files = (
				04586589196B884900F9B802 /* DetailViewController.swift in Sources */,
				04586587196B884900F9B802 /* MasterViewController.swift in Sources */,
				04586585196B884900F9B802 /* AppDelegate.swift in Sources */,
			);
			runOnlyForDeploymentPostprocessing = 0;
		};
		0458658F196B884A00F9B802 /* Sources */ = {
			isa = PBXSourcesBuildPhase;
			buildActionMask = 2147483647;
			files = (
				0458659A196B884A00F9B802 /* TribeTests.swift in Sources */,
			);
			runOnlyForDeploymentPostprocessing = 0;
		};
/* End PBXSourcesBuildPhase section */

/* Begin PBXTargetDependency section */
		04586595196B884A00F9B802 /* PBXTargetDependency */ = {
			isa = PBXTargetDependency;
			target = 0458657E196B884900F9B802 /* Tribe */;
			targetProxy = 04586594196B884A00F9B802 /* PBXContainerItemProxy */;
		};
/* End PBXTargetDependency section */

/* Begin PBXVariantGroup section */
		0458658A196B884900F9B802 /* Main.storyboard */ = {
			isa = PBXVariantGroup;
			children = (
				0458658B196B884900F9B802 /* Base */,
			);
			name = Main.storyboard;
			sourceTree = "<group>";
		};
/* End PBXVariantGroup section */

/* Begin XCBuildConfiguration section */
		0458659B196B884A00F9B802 /* Debug */ = {
			isa = XCBuildConfiguration;
			buildSettings = {
				ALWAYS_SEARCH_USER_PATHS = NO;
				CLANG_CXX_LANGUAGE_STANDARD = "gnu++0x";
				CLANG_CXX_LIBRARY = "libc++";
				CLANG_ENABLE_MODULES = YES;
				CLANG_ENABLE_OBJC_ARC = YES;
				CLANG_WARN_BOOL_CONVERSION = YES;
				CLANG_WARN_CONSTANT_CONVERSION = YES;
				CLANG_WARN_DIRECT_OBJC_ISA_USAGE = YES_ERROR;
				CLANG_WARN_EMPTY_BODY = YES;
				CLANG_WARN_ENUM_CONVERSION = YES;
				CLANG_WARN_INT_CONVERSION = YES;
				CLANG_WARN_OBJC_ROOT_CLASS = YES_ERROR;
				CLANG_WARN_UNREACHABLE_CODE = YES;
				CLANG_WARN__DUPLICATE_METHOD_MATCH = YES;
				"CODE_SIGN_IDENTITY[sdk=iphoneos*]" = "iPhone Developer";
				COPY_PHASE_STRIP = NO;
				ENABLE_STRICT_OBJC_MSGSEND = YES;
				GCC_C_LANGUAGE_STANDARD = gnu99;
				GCC_DYNAMIC_NO_PIC = NO;
				GCC_OPTIMIZATION_LEVEL = 0;
				GCC_PREPROCESSOR_DEFINITIONS = (
					"DEBUG=1",
					"$(inherited)",
				);
				GCC_SYMBOLS_PRIVATE_EXTERN = NO;
				GCC_WARN_64_TO_32_BIT_CONVERSION = YES;
				GCC_WARN_ABOUT_RETURN_TYPE = YES_ERROR;
				GCC_WARN_UNDECLARED_SELECTOR = YES;
				GCC_WARN_UNINITIALIZED_AUTOS = YES_AGGRESSIVE;
				GCC_WARN_UNUSED_FUNCTION = YES;
				GCC_WARN_UNUSED_VARIABLE = YES;
				IPHONEOS_DEPLOYMENT_TARGET = 8.0;
				METAL_ENABLE_DEBUG_INFO = YES;
				ONLY_ACTIVE_ARCH = YES;
				SDKROOT = iphoneos;
				SWIFT_OPTIMIZATION_LEVEL = "-Onone";
				TARGETED_DEVICE_FAMILY = "1,2";
			};
			name = Debug;
		};
		0458659C196B884A00F9B802 /* Release */ = {
			isa = XCBuildConfiguration;
			buildSettings = {
				ALWAYS_SEARCH_USER_PATHS = NO;
				CLANG_CXX_LANGUAGE_STANDARD = "gnu++0x";
				CLANG_CXX_LIBRARY = "libc++";
				CLANG_ENABLE_MODULES = YES;
				CLANG_ENABLE_OBJC_ARC = YES;
				CLANG_WARN_BOOL_CONVERSION = YES;
				CLANG_WARN_CONSTANT_CONVERSION = YES;
				CLANG_WARN_DIRECT_OBJC_ISA_USAGE = YES_ERROR;
				CLANG_WARN_EMPTY_BODY = YES;
				CLANG_WARN_ENUM_CONVERSION = YES;
				CLANG_WARN_INT_CONVERSION = YES;
				CLANG_WARN_OBJC_ROOT_CLASS = YES_ERROR;
				CLANG_WARN_UNREACHABLE_CODE = YES;
				CLANG_WARN__DUPLICATE_METHOD_MATCH = YES;
				"CODE_SIGN_IDENTITY[sdk=iphoneos*]" = "iPhone Developer";
				COPY_PHASE_STRIP = YES;
				ENABLE_NS_ASSERTIONS = NO;
				ENABLE_STRICT_OBJC_MSGSEND = YES;
				GCC_C_LANGUAGE_STANDARD = gnu99;
				GCC_WARN_64_TO_32_BIT_CONVERSION = YES;
				GCC_WARN_ABOUT_RETURN_TYPE = YES_ERROR;
				GCC_WARN_UNDECLARED_SELECTOR = YES;
				GCC_WARN_UNINITIALIZED_AUTOS = YES_AGGRESSIVE;
				GCC_WARN_UNUSED_FUNCTION = YES;
				GCC_WARN_UNUSED_VARIABLE = YES;
				IPHONEOS_DEPLOYMENT_TARGET = 8.0;
				METAL_ENABLE_DEBUG_INFO = NO;
				SDKROOT = iphoneos;
				TARGETED_DEVICE_FAMILY = "1,2";
				VALIDATE_PRODUCT = YES;
			};
			name = Release;
		};
		0458659E196B884A00F9B802 /* Debug */ = {
			isa = XCBuildConfiguration;
			buildSettings = {
				ASSETCATALOG_COMPILER_APPICON_NAME = AppIcon;
				ASSETCATALOG_COMPILER_LAUNCHIMAGE_NAME = LaunchImage;
				INFOPLIST_FILE = Tribe/Info.plist;
				LD_RUNPATH_SEARCH_PATHS = "$(inherited) @executable_path/Frameworks";
				PRODUCT_NAME = "$(TARGET_NAME)";
			};
			name = Debug;
		};
		0458659F196B884A00F9B802 /* Release */ = {
			isa = XCBuildConfiguration;
			buildSettings = {
				ASSETCATALOG_COMPILER_APPICON_NAME = AppIcon;
				ASSETCATALOG_COMPILER_LAUNCHIMAGE_NAME = LaunchImage;
				INFOPLIST_FILE = Tribe/Info.plist;
				LD_RUNPATH_SEARCH_PATHS = "$(inherited) @executable_path/Frameworks";
				PRODUCT_NAME = "$(TARGET_NAME)";
			};
			name = Release;
		};
		045865A1196B884A00F9B802 /* Debug */ = {
			isa = XCBuildConfiguration;
			buildSettings = {
				BUNDLE_LOADER = "$(BUILT_PRODUCTS_DIR)/Tribe.app/Tribe";
				FRAMEWORK_SEARCH_PATHS = (
					"$(SDKROOT)/Developer/Library/Frameworks",
					"$(inherited)",
				);
				GCC_PREPROCESSOR_DEFINITIONS = (
					"DEBUG=1",
					"$(inherited)",
				);
				INFOPLIST_FILE = TribeTests/Info.plist;
				LD_RUNPATH_SEARCH_PATHS = "$(inherited) @executable_path/Frameworks @loader_path/Frameworks";
				METAL_ENABLE_DEBUG_INFO = YES;
				PRODUCT_NAME = "$(TARGET_NAME)";
				TEST_HOST = "$(BUNDLE_LOADER)";
			};
			name = Debug;
		};
		045865A2196B884A00F9B802 /* Release */ = {
			isa = XCBuildConfiguration;
			buildSettings = {
				BUNDLE_LOADER = "$(BUILT_PRODUCTS_DIR)/Tribe.app/Tribe";
				FRAMEWORK_SEARCH_PATHS = (
					"$(SDKROOT)/Developer/Library/Frameworks",
					"$(inherited)",
				);
				INFOPLIST_FILE = TribeTests/Info.plist;
				LD_RUNPATH_SEARCH_PATHS = "$(inherited) @executable_path/Frameworks @loader_path/Frameworks";
				METAL_ENABLE_DEBUG_INFO = NO;
				PRODUCT_NAME = "$(TARGET_NAME)";
				TEST_HOST = "$(BUNDLE_LOADER)";
			};
			name = Release;
		};
/* End XCBuildConfiguration section */

/* Begin XCConfigurationList section */
		0458657A196B884900F9B802 /* Build configuration list for PBXProject "Tribe" */ = {
			isa = XCConfigurationList;
			buildConfigurations = (
				0458659B196B884A00F9B802 /* Debug */,
				0458659C196B884A00F9B802 /* Release */,
			);
			defaultConfigurationIsVisible = 0;
			defaultConfigurationName = Release;
		};
		0458659D196B884A00F9B802 /* Build configuration list for PBXNativeTarget "Tribe" */ = {
			isa = XCConfigurationList;
			buildConfigurations = (
				0458659E196B884A00F9B802 /* Debug */,
				0458659F196B884A00F9B802 /* Release */,
			);
			defaultConfigurationIsVisible = 0;
		};
		045865A0196B884A00F9B802 /* Build configuration list for PBXNativeTarget "TribeTests" */ = {
			isa = XCConfigurationList;
			buildConfigurations = (
				045865A1196B884A00F9B802 /* Debug */,
				045865A2196B884A00F9B802 /* Release */,
			);
			defaultConfigurationIsVisible = 0;
		};
/* End XCConfigurationList section */
	};
	rootObject = 04586577196B884900F9B802 /* Project object */;
}
